
Microsoft Visual Studio Solution File, Format Version 12.00
# Visual Studio 15
VisualStudioVersion = 15.0.27004.2002
MinimumVisualStudioVersion = 10.0.40219.1
Project("{FAE04EC0-301F-11D3-BF4B-00C04F79EFBC}") = "EMICalculator.UWP", "EMICalculator.UWP\EMICalculator.UWP.csproj", "{5B4A2866-2065-4AA1-872C-6D81FD23EB19}"
	ProjectSection(ProjectDependencies) = postProject
		{B9A1FEBF-1386-4489-8536-8D287677E26F} = {B9A1FEBF-1386-4489-8536-8D287677E26F}
	EndProjectSection
EndProject
Project("{FAE04EC0-301F-11D3-BF4B-00C04F79EFBC}") = "EMICalculator.AppService", "EMICalculator.AppService\EMICalculator.AppService.csproj", "{54606422-E599-46FE-ADFD-A5925C1551B0}"
EndProject
Project("{FAE04EC0-301F-11D3-BF4B-00C04F79EFBC}") = "RESTService.WinForm", "RESTService.WinForm\RESTService.WinForm.csproj", "{B9A1FEBF-1386-4489-8536-8D287677E26F}"
EndProject
Project("{FAE04EC0-301F-11D3-BF4B-00C04F79EFBC}") = "RESTClient.WPF", "RESTClient.WPF\RESTClient.WPF.csproj", "{44E52BF1-1A49-4648-8627-AB6D7F10A9A0}"
EndProject
Global
	GlobalSection(SolutionConfigurationPlatforms) = preSolution
		Debug|Any CPU = Debug|Any CPU
		Debug|ARM = Debug|ARM
		Debug|x64 = Debug|x64
		Debug|x86 = Debug|x86
		Release|Any CPU = Release|Any CPU
		Release|ARM = Release|ARM
		Release|x64 = Release|x64
		Release|x86 = Release|x86
	EndGlobalSection
	GlobalSection(ProjectConfigurationPlatforms) = postSolution
		{5B4A2866-2065-4AA1-872C-6D81FD23EB19}.Debug|Any CPU.ActiveCfg = Debug|x86
		{5B4A2866-2065-4AA1-872C-6D81FD23EB19}.Debug|ARM.ActiveCfg = Debug|ARM
		{5B4A2866-2065-4AA1-872C-6D81FD23EB19}.Debug|ARM.Build.0 = Debug|ARM
		{5B4A2866-2065-4AA1-872C-6D81FD23EB19}.Debug|ARM.Deploy.0 = Debug|ARM
		{5B4A2866-2065-4AA1-872C-6D81FD23EB19}.Debug|x64.ActiveCfg = Debug|x64
		{5B4A2866-2065-4AA1-872C-6D81FD23EB19}.Debug|x64.Build.0 = Debug|x64
		{5B4A2866-2065-4AA1-872C-6D81FD23EB19}.Debug|x64.Deploy.0 = Debug|x64
		{5B4A2866-2065-4AA1-872C-6D81FD23EB19}.Debug|x86.ActiveCfg = Release|x86
		{5B4A2866-2065-4AA1-872C-6D81FD23EB19}.Debug|x86.Build.0 = Release|x86
		{5B4A2866-2065-4AA1-872C-6D81FD23EB19}.Debug|x86.Deploy.0 = Release|x86
		{5B4A2866-2065-4AA1-872C-6D81FD23EB19}.Release|Any CPU.ActiveCfg = Release|x86
		{5B4A2866-2065-4AA1-872C-6D81FD23EB19}.Release|ARM.ActiveCfg = Release|ARM
		{5B4A2866-2065-4AA1-872C-6D81FD23EB19}.Release|ARM.Build.0 = Release|ARM
		{5B4A2866-2065-4AA1-872C-6D81FD23EB19}.Release|ARM.Deploy.0 = Release|ARM
		{5B4A2866-2065-4AA1-872C-6D81FD23EB19}.Release|x64.ActiveCfg = Release|x64
		{5B4A2866-2065-4AA1-872C-6D81FD23EB19}.Release|x64.Build.0 = Release|x64
		{5B4A2866-2065-4AA1-872C-6D81FD23EB19}.Release|x64.Deploy.0 = Release|x64
		{5B4A2866-2065-4AA1-872C-6D81FD23EB19}.Release|x86.ActiveCfg = Release|x86
		{5B4A2866-2065-4AA1-872C-6D81FD23EB19}.Release|x86.Build.0 = Release|x86
		{5B4A2866-2065-4AA1-872C-6D81FD23EB19}.Release|x86.Deploy.0 = Release|x86
		{54606422-E599-46FE-ADFD-A5925C1551B0}.Debug|Any CPU.ActiveCfg = Debug|Any CPU
		{54606422-E599-46FE-ADFD-A5925C1551B0}.Debug|Any CPU.Build.0 = Debug|Any CPU
		{54606422-E599-46FE-ADFD-A5925C1551B0}.Debug|ARM.ActiveCfg = Debug|ARM
		{54606422-E599-46FE-ADFD-A5925C1551B0}.Debug|ARM.Build.0 = Debug|ARM
		{54606422-E599-46FE-ADFD-A5925C1551B0}.Debug|x64.ActiveCfg = Debug|x64
		{54606422-E599-46FE-ADFD-A5925C1551B0}.Debug|x64.Build.0 = Debug|x64
		{54606422-E599-46FE-ADFD-A5925C1551B0}.Debug|x86.ActiveCfg = Debug|x86
		{54606422-E599-46FE-ADFD-A5925C1551B0}.Debug|x86.Build.0 = Debug|x86
		{54606422-E599-46FE-ADFD-A5925C1551B0}.Release|Any CPU.ActiveCfg = Release|Any CPU
		{54606422-E599-46FE-ADFD-A5925C1551B0}.Release|Any CPU.Build.0 = Release|Any CPU
		{54606422-E599-46FE-ADFD-A5925C1551B0}.Release|ARM.ActiveCfg = Release|ARM
		{54606422-E599-46FE-ADFD-A5925C1551B0}.Release|ARM.Build.0 = Release|ARM
		{54606422-E599-46FE-ADFD-A5925C1551B0}.Release|x64.ActiveCfg = Release|x64
		{54606422-E599-46FE-ADFD-A5925C1551B0}.Release|x64.Build.0 = Release|x64
		{54606422-E599-46FE-ADFD-A5925C1551B0}.Release|x86.ActiveCfg = Release|x86
		{54606422-E599-46FE-ADFD-A5925C1551B0}.Release|x86.Build.0 = Release|x86
		{B9A1FEBF-1386-4489-8536-8D287677E26F}.Debug|Any CPU.ActiveCfg = Debug|Any CPU
		{B9A1FEBF-1386-4489-8536-8D287677E26F}.Debug|Any CPU.Build.0 = Debug|Any CPU
		{B9A1FEBF-1386-4489-8536-8D287677E26F}.Debug|ARM.ActiveCfg = Debug|Any CPU
		{B9A1FEBF-1386-4489-8536-8D287677E26F}.Debug|ARM.Build.0 = Debug|Any CPU
		{B9A1FEBF-1386-4489-8536-8D287677E26F}.Debug|x64.ActiveCfg = Debug|Any CPU
		{B9A1FEBF-1386-4489-8536-8D287677E26F}.Debug|x64.Build.0 = Debug|Any CPU
		{B9A1FEBF-1386-4489-8536-8D287677E26F}.Debug|x86.ActiveCfg = Debug|Any CPU
		{B9A1FEBF-1386-4489-8536-8D287677E26F}.Debug|x86.Build.0 = Debug|Any CPU
		{B9A1FEBF-1386-4489-8536-8D287677E26F}.Release|Any CPU.ActiveCfg = Release|Any CPU
		{B9A1FEBF-1386-4489-8536-8D287677E26F}.Release|Any CPU.Build.0 = Release|Any CPU
		{B9A1FEBF-1386-4489-8536-8D287677E26F}.Release|ARM.ActiveCfg = Release|Any CPU
		{B9A1FEBF-1386-4489-8536-8D287677E26F}.Release|ARM.Build.0 = Release|Any CPU
		{B9A1FEBF-1386-4489-8536-8D287677E26F}.Release|x64.ActiveCfg = Release|Any CPU
		{B9A1FEBF-1386-4489-8536-8D287677E26F}.Release|x64.Build.0 = Release|Any CPU
		{B9A1FEBF-1386-4489-8536-8D287677E26F}.Release|x86.ActiveCfg = Release|Any CPU
		{B9A1FEBF-1386-4489-8536-8D287677E26F}.Release|x86.Build.0 = Release|Any CPU
		{44E52BF1-1A49-4648-8627-AB6D7F10A9A0}.Debug|Any CPU.ActiveCfg = Debug|Any CPU
		{44E52BF1-1A49-4648-8627-AB6D7F10A9A0}.Debug|Any CPU.Build.0 = Debug|Any CPU
		{44E52BF1-1A49-4648-8627-AB6D7F10A9A0}.Debug|ARM.ActiveCfg = Debug|Any CPU
		{44E52BF1-1A49-4648-8627-AB6D7F10A9A0}.Debug|ARM.Build.0 = Debug|Any CPU
		{44E52BF1-1A49-4648-8627-AB6D7F10A9A0}.Debug|x64.ActiveCfg = Debug|Any CPU
		{44E52BF1-1A49-4648-8627-AB6D7F10A9A0}.Debug|x64.Build.0 = Debug|Any CPU
		{44E52BF1-1A49-4648-8627-AB6D7F10A9A0}.Debug|x86.ActiveCfg = Debug|Any CPU
		{44E52BF1-1A49-4648-8627-AB6D7F10A9A0}.Debug|x86.Build.0 = Debug|Any CPU
		{44E52BF1-1A49-4648-8627-AB6D7F10A9A0}.Release|Any CPU.ActiveCfg = Release|Any CPU
		{44E52BF1-1A49-4648-8627-AB6D7F10A9A0}.Release|Any CPU.Build.0 = Release|Any CPU
		{44E52BF1-1A49-4648-8627-AB6D7F10A9A0}.Release|ARM.ActiveCfg = Release|Any CPU
		{44E52BF1-1A49-4648-8627-AB6D7F10A9A0}.Release|ARM.Build.0 = Release|Any CPU
		{44E52BF1-1A49-4648-8627-AB6D7F10A9A0}.Release|x64.ActiveCfg = Release|Any CPU
		{44E52BF1-1A49-4648-8627-AB6D7F10A9A0}.Release|x64.Build.0 = Release|Any CPU
		{44E52BF1-1A49-4648-8627-AB6D7F10A9A0}.Release|x86.ActiveCfg = Release|Any CPU
		{44E52BF1-1A49-4648-8627-AB6D7F10A9A0}.Release|x86.Build.0 = Release|Any CPU
	EndGlobalSection
	GlobalSection(SolutionProperties) = preSolution
		HideSolutionNode = FALSE
	EndGlobalSection
	GlobalSection(ExtensibilityGlobals) = postSolution
		SolutionGuid = {BA0F0406-07D9-46AF-BE44-3BDC2D83F0A5}
	EndGlobalSection
EndGlobal
